
Microsoft Visual Studio Solution File, Format Version 12.00
# Visual Studio Version 17
VisualStudioVersion = 17.7.34202.233
MinimumVisualStudioVersion = 10.0.40219.1
Project("{9A19103F-16F7-4668-BE54-9A1E7A4F7556}") = "Lib.Suppliers", "Lib.Suppliers.csproj", "{9A41C185-3E3C-4A2D-AB04-FB66968D347E}"
EndProject
Project("{9A19103F-16F7-4668-BE54-9A1E7A4F7556}") = "Lib.Suppliers.Tests", "..\Lib.Suppliers.Tests\Lib.Suppliers.Tests.csproj", "{27AA1070-52AE-4D47-A160-69C98D8DB3D8}"
EndProject
Project("{9A19103F-16F7-4668-BE54-9A1E7A4F7556}") = "ServiceCollector", "..\ServiceCollector\ServiceCollector.csproj", "{88587892-7DA5-4DCD-96D4-ADC26A75CEE9}"
EndProject
Project("{9A19103F-16F7-4668-BE54-9A1E7A4F7556}") = "Lib.Inet", "..\Lib.Inet\Lib.Inet.csproj", "{30C9BEC3-47E6-4A2B-9632-0E72A066A188}"
EndProject
Project("{9A19103F-16F7-4668-BE54-9A1E7A4F7556}") = "Lib.Json", "..\Lib.Json\Lib.Json.csproj", "{9EC2D084-C346-4816-A24D-E1B11568F83A}"
EndProject
Global
	GlobalSection(SolutionConfigurationPlatforms) = preSolution
		Debug|Any CPU = Debug|Any CPU
		Release|Any CPU = Release|Any CPU
	EndGlobalSection
	GlobalSection(ProjectConfigurationPlatforms) = postSolution
		{9A41C185-3E3C-4A2D-AB04-FB66968D347E}.Debug|Any CPU.ActiveCfg = Debug|Any CPU
		{9A41C185-3E3C-4A2D-AB04-FB66968D347E}.Debug|Any CPU.Build.0 = Debug|Any CPU
		{9A41C185-3E3C-4A2D-AB04-FB66968D347E}.Release|Any CPU.ActiveCfg = Release|Any CPU
		{9A41C185-3E3C-4A2D-AB04-FB66968D347E}.Release|Any CPU.Build.0 = Release|Any CPU
		{27AA1070-52AE-4D47-A160-69C98D8DB3D8}.Debug|Any CPU.ActiveCfg = Debug|Any CPU
		{27AA1070-52AE-4D47-A160-69C98D8DB3D8}.Debug|Any CPU.Build.0 = Debug|Any CPU
		{27AA1070-52AE-4D47-A160-69C98D8DB3D8}.Release|Any CPU.ActiveCfg = Release|Any CPU
		{27AA1070-52AE-4D47-A160-69C98D8DB3D8}.Release|Any CPU.Build.0 = Release|Any CPU
		{88587892-7DA5-4DCD-96D4-ADC26A75CEE9}.Debug|Any CPU.ActiveCfg = Debug|Any CPU
		{88587892-7DA5-4DCD-96D4-ADC26A75CEE9}.Debug|Any CPU.Build.0 = Debug|Any CPU
		{88587892-7DA5-4DCD-96D4-ADC26A75CEE9}.Release|Any CPU.ActiveCfg = Release|Any CPU
		{88587892-7DA5-4DCD-96D4-ADC26A75CEE9}.Release|Any CPU.Build.0 = Release|Any CPU
		{30C9BEC3-47E6-4A2B-9632-0E72A066A188}.Debug|Any CPU.ActiveCfg = Debug|Any CPU
		{30C9BEC3-47E6-4A2B-9632-0E72A066A188}.Debug|Any CPU.Build.0 = Debug|Any CPU
		{30C9BEC3-47E6-4A2B-9632-0E72A066A188}.Release|Any CPU.ActiveCfg = Release|Any CPU
		{30C9BEC3-47E6-4A2B-9632-0E72A066A188}.Release|Any CPU.Build.0 = Release|Any CPU
		{9EC2D084-C346-4816-A24D-E1B11568F83A}.Debug|Any CPU.ActiveCfg = Debug|Any CPU
		{9EC2D084-C346-4816-A24D-E1B11568F83A}.Debug|Any CPU.Build.0 = Debug|Any CPU
		{9EC2D084-C346-4816-A24D-E1B11568F83A}.Release|Any CPU.ActiveCfg = Release|Any CPU
		{9EC2D084-C346-4816-A24D-E1B11568F83A}.Release|Any CPU.Build.0 = Release|Any CPU
	EndGlobalSection
	GlobalSection(SolutionProperties) = preSolution
		HideSolutionNode = FALSE
	EndGlobalSection
	GlobalSection(ExtensibilityGlobals) = postSolution
		SolutionGuid = {0E7B6972-405D-4D92-A9C2-DE7137F1F723}
	EndGlobalSection
EndGlobal
