
Microsoft Visual Studio Solution File, Format Version 12.00
# Visual Studio Version 17
VisualStudioVersion = 17.7.34202.233
MinimumVisualStudioVersion = 10.0.40219.1
Project("{9A19103F-16F7-4668-BE54-9A1E7A4F7556}") = "DataLoader", "DataLoader.csproj", "{EB339774-C47C-4620-BB45-76775257E01A}"
EndProject
Project("{9A19103F-16F7-4668-BE54-9A1E7A4F7556}") = "Lib.SupplierType", "..\Lib.SupplierType\Lib.SupplierType.csproj", "{C2ADE51F-D0B4-4F22-9642-D25BAC23EA3F}"
EndProject
Project("{9A19103F-16F7-4668-BE54-9A1E7A4F7556}") = "Lib.Inet", "..\Lib.Inet\Lib.Inet.csproj", "{84BEBB95-A143-47C7-A1BD-44EA2BA976EB}"
EndProject
Project("{9A19103F-16F7-4668-BE54-9A1E7A4F7556}") = "Lib.Db.ServerSide", "..\Lib.Db.ServerSide\Lib.Db.ServerSide.csproj", "{BFBEB727-50D1-450A-82F5-1D1D258A16DE}"
EndProject
Global
	GlobalSection(SolutionConfigurationPlatforms) = preSolution
		Debug|Any CPU = Debug|Any CPU
		Release|Any CPU = Release|Any CPU
	EndGlobalSection
	GlobalSection(ProjectConfigurationPlatforms) = postSolution
		{EB339774-C47C-4620-BB45-76775257E01A}.Debug|Any CPU.ActiveCfg = Debug|Any CPU
		{EB339774-C47C-4620-BB45-76775257E01A}.Debug|Any CPU.Build.0 = Debug|Any CPU
		{EB339774-C47C-4620-BB45-76775257E01A}.Release|Any CPU.ActiveCfg = Release|Any CPU
		{EB339774-C47C-4620-BB45-76775257E01A}.Release|Any CPU.Build.0 = Release|Any CPU
		{C2ADE51F-D0B4-4F22-9642-D25BAC23EA3F}.Debug|Any CPU.ActiveCfg = Debug|Any CPU
		{C2ADE51F-D0B4-4F22-9642-D25BAC23EA3F}.Debug|Any CPU.Build.0 = Debug|Any CPU
		{C2ADE51F-D0B4-4F22-9642-D25BAC23EA3F}.Release|Any CPU.ActiveCfg = Release|Any CPU
		{C2ADE51F-D0B4-4F22-9642-D25BAC23EA3F}.Release|Any CPU.Build.0 = Release|Any CPU
		{84BEBB95-A143-47C7-A1BD-44EA2BA976EB}.Debug|Any CPU.ActiveCfg = Debug|Any CPU
		{84BEBB95-A143-47C7-A1BD-44EA2BA976EB}.Debug|Any CPU.Build.0 = Debug|Any CPU
		{84BEBB95-A143-47C7-A1BD-44EA2BA976EB}.Release|Any CPU.ActiveCfg = Release|Any CPU
		{84BEBB95-A143-47C7-A1BD-44EA2BA976EB}.Release|Any CPU.Build.0 = Release|Any CPU
		{BFBEB727-50D1-450A-82F5-1D1D258A16DE}.Debug|Any CPU.ActiveCfg = Debug|Any CPU
		{BFBEB727-50D1-450A-82F5-1D1D258A16DE}.Debug|Any CPU.Build.0 = Debug|Any CPU
		{BFBEB727-50D1-450A-82F5-1D1D258A16DE}.Release|Any CPU.ActiveCfg = Release|Any CPU
		{BFBEB727-50D1-450A-82F5-1D1D258A16DE}.Release|Any CPU.Build.0 = Release|Any CPU
	EndGlobalSection
	GlobalSection(SolutionProperties) = preSolution
		HideSolutionNode = FALSE
	EndGlobalSection
	GlobalSection(ExtensibilityGlobals) = postSolution
		SolutionGuid = {792F4ECA-EE14-47E3-AF41-D1DF2FE4ED82}
	EndGlobalSection
EndGlobal
